[{<<"alley_common">>,
  {git,"https://github.com/PowerMeMobile/alley_common.git",
       {ref,"548c6bfce28e76fa9419a00f282616bce5a8b4d2"}},
  0},
 {<<"common_lib">>,
  {git,"https://github.com/PowerMeMobile/common_lib.git",
       {ref,"250d965d5accaad8aa1e2c7bbf4ac691aa94ca93"}},
  0},
 {<<"getopt">>,
  {git,"https://github.com/jcomellas/getopt.git",
       {ref,"388dc95caa7fb97ec7db8cfc39246a36aba61bd8"}},
  0},
 {<<"goldrush">>,
  {git,"https://github.com/basho/goldrush.git",
       {ref,"8f1b715d36b650ec1e1f5612c00e28af6ab0de82"}},
  2},
 {<<"gsm0338">>,
  {git,"https://github.com/AntonSizov/gsm0338.git",
       {ref,"6bca8dbce2baa2381f2cd79176cf00819a63d7ce"}},
  0},
 {<<"lager">>,
  {git,"https://github.com/basho/lager.git",
       {ref,"81eaef0ce98fdbf64ab95665e3bc2ec4b24c7dac"}},
  1},
 {<<"oserl">>,
  {git,"https://github.com/PowerMeMobile/oserl.git",
       {ref,"1579aa1b097ac03803d3b65452cfaf461e34d816"}},
  0}].
