[{<<"alley_common">>,
  {git,"https://github.com/ten0s/alley_common.git",
       {ref,"548c6bfce28e76fa9419a00f282616bce5a8b4d2"}},
  0},
 {<<"common_lib">>,
  {git,"git://github.com/PowerMeMobile/common_lib.git",
       {ref,"250d965d5accaad8aa1e2c7bbf4ac691aa94ca93"}},
  0},
 {<<"getopt">>,
  {git,"git://github.com/jcomellas/getopt.git",
       {ref,"388dc95caa7fb97ec7db8cfc39246a36aba61bd8"}},
  0},
 {<<"gsm0338">>,
  {git,"https://github.com/AntonSizov/gsm0338.git",
       {ref,"6bca8dbce2baa2381f2cd79176cf00819a63d7ce"}},
  0},
 {<<"lager">>,
  {git,"git://github.com/basho/lager.git",
       {ref,"d8ad5eb64a6dda296d8706aa2cd664a4a84e8129"}},
  1},
 {<<"oserl">>,
  {git,"git://github.com/PowerMeMobile/oserl.git",
       {ref,"1579aa1b097ac03803d3b65452cfaf461e34d816"}},
  0}].
